
Microsoft Visual Studio Solution File, Format Version 12.00
# Visual Studio Version 17
VisualStudioVersion = 17.9.34728.123
MinimumVisualStudioVersion = 10.0.40219.1
Project("{9A19103F-16F7-4668-BE54-9A1E7A4F7556}") = "WindowsFormsCleanArchitecture", "WindowsFormsCleanArchitecture\WindowsFormsCleanArchitecture.csproj", "{D8B8107F-1BC4-4C1A-B4D0-5BB158868616}"
EndProject
Project("{9A19103F-16F7-4668-BE54-9A1E7A4F7556}") = "Entities", "Entities\Entities.csproj", "{B72CADFF-0156-4B7A-81D9-C381BB435607}"
EndProject
Project("{9A19103F-16F7-4668-BE54-9A1E7A4F7556}") = "Application", "Application\Application.csproj", "{ACEFA1C0-0036-4367-9482-1E3DE7E7A330}"
EndProject
Project("{9A19103F-16F7-4668-BE54-9A1E7A4F7556}") = "Model", "Model\Model.csproj", "{034285C3-1F86-4B54-8AAB-B5DC65966585}"
EndProject
Project("{FAE04EC0-301F-11D3-BF4B-00C04F79EFBC}") = "Data", "Data\Data.csproj", "{BEA101F4-FF81-433C-AB23-88C92F5FBB65}"
EndProject
Project("{FAE04EC0-301F-11D3-BF4B-00C04F79EFBC}") = "Repository", "Repository\Repository.csproj", "{7581982B-D8EF-4ED2-87E5-A6ECC06BFBEE}"
EndProject
Global
	GlobalSection(SolutionConfigurationPlatforms) = preSolution
		Debug|Any CPU = Debug|Any CPU
		Release|Any CPU = Release|Any CPU
	EndGlobalSection
	GlobalSection(ProjectConfigurationPlatforms) = postSolution
		{D8B8107F-1BC4-4C1A-B4D0-5BB158868616}.Debug|Any CPU.ActiveCfg = Debug|Any CPU
		{D8B8107F-1BC4-4C1A-B4D0-5BB158868616}.Debug|Any CPU.Build.0 = Debug|Any CPU
		{D8B8107F-1BC4-4C1A-B4D0-5BB158868616}.Release|Any CPU.ActiveCfg = Release|Any CPU
		{D8B8107F-1BC4-4C1A-B4D0-5BB158868616}.Release|Any CPU.Build.0 = Release|Any CPU
		{B72CADFF-0156-4B7A-81D9-C381BB435607}.Debug|Any CPU.ActiveCfg = Debug|Any CPU
		{B72CADFF-0156-4B7A-81D9-C381BB435607}.Debug|Any CPU.Build.0 = Debug|Any CPU
		{B72CADFF-0156-4B7A-81D9-C381BB435607}.Release|Any CPU.ActiveCfg = Release|Any CPU
		{B72CADFF-0156-4B7A-81D9-C381BB435607}.Release|Any CPU.Build.0 = Release|Any CPU
		{ACEFA1C0-0036-4367-9482-1E3DE7E7A330}.Debug|Any CPU.ActiveCfg = Debug|Any CPU
		{ACEFA1C0-0036-4367-9482-1E3DE7E7A330}.Debug|Any CPU.Build.0 = Debug|Any CPU
		{ACEFA1C0-0036-4367-9482-1E3DE7E7A330}.Release|Any CPU.ActiveCfg = Release|Any CPU
		{ACEFA1C0-0036-4367-9482-1E3DE7E7A330}.Release|Any CPU.Build.0 = Release|Any CPU
		{034285C3-1F86-4B54-8AAB-B5DC65966585}.Debug|Any CPU.ActiveCfg = Debug|Any CPU
		{034285C3-1F86-4B54-8AAB-B5DC65966585}.Debug|Any CPU.Build.0 = Debug|Any CPU
		{034285C3-1F86-4B54-8AAB-B5DC65966585}.Release|Any CPU.ActiveCfg = Release|Any CPU
		{034285C3-1F86-4B54-8AAB-B5DC65966585}.Release|Any CPU.Build.0 = Release|Any CPU
		{BEA101F4-FF81-433C-AB23-88C92F5FBB65}.Debug|Any CPU.ActiveCfg = Debug|Any CPU
		{BEA101F4-FF81-433C-AB23-88C92F5FBB65}.Debug|Any CPU.Build.0 = Debug|Any CPU
		{BEA101F4-FF81-433C-AB23-88C92F5FBB65}.Release|Any CPU.ActiveCfg = Release|Any CPU
		{BEA101F4-FF81-433C-AB23-88C92F5FBB65}.Release|Any CPU.Build.0 = Release|Any CPU
		{7581982B-D8EF-4ED2-87E5-A6ECC06BFBEE}.Debug|Any CPU.ActiveCfg = Debug|Any CPU
		{7581982B-D8EF-4ED2-87E5-A6ECC06BFBEE}.Debug|Any CPU.Build.0 = Debug|Any CPU
		{7581982B-D8EF-4ED2-87E5-A6ECC06BFBEE}.Release|Any CPU.ActiveCfg = Release|Any CPU
		{7581982B-D8EF-4ED2-87E5-A6ECC06BFBEE}.Release|Any CPU.Build.0 = Release|Any CPU
	EndGlobalSection
	GlobalSection(SolutionProperties) = preSolution
		HideSolutionNode = FALSE
	EndGlobalSection
	GlobalSection(ExtensibilityGlobals) = postSolution
		SolutionGuid = {1514590C-CB42-4763-8489-D9A8DCF3DD9A}
	EndGlobalSection
EndGlobal
